
Microsoft Visual Studio Solution File, Format Version 12.00
# Visual Studio Version 16
VisualStudioVersion = 16.0.29926.136
MinimumVisualStudioVersion = 10.0.40219.1
Project("{8BC9CEB8-8B4A-11D0-8D11-00A0C91BC942}") = "GOW", "GOW.vcxproj", "{B42B701C-F16F-4D83-BBB4-73B6CDAB2982}"
EndProject
Global
	GlobalSection(SolutionConfigurationPlatforms) = preSolution
		Debug|Win32 = Debug|Win32
		Debug|x64 = Debug|x64
		Release|Win32 = Release|Win32
		Release|x64 = Release|x64
	EndGlobalSection
	GlobalSection(ProjectConfigurationPlatforms) = postSolution
		{B42B701C-F16F-4D83-BBB4-73B6CDAB2982}.Debug|Win32.ActiveCfg = Debug|Win32
		{B42B701C-F16F-4D83-BBB4-73B6CDAB2982}.Debug|Win32.Build.0 = Debug|Win32
		{B42B701C-F16F-4D83-BBB4-73B6CDAB2982}.Debug|x64.ActiveCfg = Debug|x64
		{B42B701C-F16F-4D83-BBB4-73B6CDAB2982}.Debug|x64.Build.0 = Debug|x64
		{B42B701C-F16F-4D83-BBB4-73B6CDAB2982}.Release|Win32.ActiveCfg = Release|Win32
		{B42B701C-F16F-4D83-BBB4-73B6CDAB2982}.Release|Win32.Build.0 = Release|Win32
		{B42B701C-F16F-4D83-BBB4-73B6CDAB2982}.Release|x64.ActiveCfg = Release|x64
		{B42B701C-F16F-4D83-BBB4-73B6CDAB2982}.Release|x64.Build.0 = Release|x64
	EndGlobalSection
	GlobalSection(SolutionProperties) = preSolution
		HideSolutionNode = FALSE
	EndGlobalSection
	GlobalSection(ExtensibilityGlobals) = postSolution
		SolutionGuid = {9C793951-D9CF-406F-9ED1-A8EC4B53F150}
	EndGlobalSection
EndGlobal
